{
  "name": "@lesy/docs",
  "version": "1.0.0-beta.11",
  "lockfileVersion": 1,
  "requires": true,
  "dependencies": {
    "clsx": {
      "version": "1.1.1",
      "resolved": "https://registry.npmjs.org/clsx/-/clsx-1.1.1.tgz",
      "integrity": "sha512-6/bPho624p3S2pMyvP5kKBPXnI3ufHLObBFCfgx+LkeR5lg2XYy2hqZqUf45ypD8COn2bhgGJSUE+l5dhNBieA=="
    },
    "debug": {
      "version": "2.6.9",
      "resolved": "https://registry.npmjs.org/debug/-/debug-2.6.9.tgz",
      "integrity": "sha512-bC7ElrdJaJnPbAP+1EotYvqZsb3ecl5wi6Bfi6BJTUcNowp6cvspg0jXznRTKDjm/E7AdgFBVeAPVMNcKGsHMA==",
      "requires": {
        "ms": "2.0.0"
      }
    },
    "email-validator": {
      "version": "2.0.4",
      "resolved": "https://registry.npmjs.org/email-validator/-/email-validator-2.0.4.tgz",
      "integrity": "sha512-gYCwo7kh5S3IDyZPLZf6hSS0MnZT8QmJFqYvbqlDZSbwdZlY6QZWxJ4i/6UhITOJ4XzyI647Bm2MXKCLqnJ4nQ=="
    },
    "gatsby-plugin-mailchimp": {
      "version": "5.2.2",
      "resolved": "https://registry.npmjs.org/gatsby-plugin-mailchimp/-/gatsby-plugin-mailchimp-5.2.2.tgz",
      "integrity": "sha512-O9JizVPJAe5YT1QAHZNRh1xUVdPnfayfIRhsBULiK2629TQRvEzzQxTDbt/WZU02cVm8415Fx2CneaxYKLt0ag==",
      "requires": {
        "email-validator": "^2.0.4",
        "jsonp": "^0.2.1"
      }
    },
    "jsonp": {
      "version": "0.2.1",
      "resolved": "https://registry.npmjs.org/jsonp/-/jsonp-0.2.1.tgz",
      "integrity": "sha1-pltPoPEL2nGaBUQep7lMVfPhW64=",
      "requires": {
        "debug": "^2.1.3"
      }
    },
    "ms": {
      "version": "2.0.0",
      "resolved": "https://registry.npmjs.org/ms/-/ms-2.0.0.tgz",
      "integrity": "sha1-VgiurfwAvmwpAd9fmGF4jeDVl8g="
    },
    "react-device-detect": {
      "version": "1.13.1",
      "resolved": "https://registry.npmjs.org/react-device-detect/-/react-device-detect-1.13.1.tgz",
      "integrity": "sha512-XTPgAMsUVHC5lMNUGiAeO2UfAfhMfjq0CBUM67eHnc9XfO7iESh6h/cffKV8VGgrZBX+dyuqJl23bLLHoav5Ig==",
      "requires": {
        "ua-parser-js": "^0.7.21"
      }
    },
    "ua-parser-js": {
      "version": "0.7.22",
      "resolved": "https://registry.npmjs.org/ua-parser-js/-/ua-parser-js-0.7.22.tgz",
      "integrity": "sha512-YUxzMjJ5T71w6a8WWVcMGM6YWOTX27rCoIQgLXiWaxqXSx9D7DNjiGWn1aJIRSQ5qr0xuhra77bSIh6voR/46Q=="
    }
  }
}
